
Microsoft Visual Studio Solution File, Format Version 12.00
# Visual Studio Version 16
VisualStudioVersion = 16.0.31019.35
MinimumVisualStudioVersion = 10.0.40219.1
Project("{FAE04EC0-301F-11D3-BF4B-00C04F79EFBC}") = "BistHub.Api", "BistHub.Api.csproj", "{F54CCBD6-7DC2-4B47-9F3B-126C3CC9F395}"
EndProject
Global
	GlobalSection(SolutionConfigurationPlatforms) = preSolution
		Debug|Any CPU = Debug|Any CPU
		Release|Any CPU = Release|Any CPU
	EndGlobalSection
	GlobalSection(ProjectConfigurationPlatforms) = postSolution
		{F54CCBD6-7DC2-4B47-9F3B-126C3CC9F395}.Debug|Any CPU.ActiveCfg = Debug|Any CPU
		{F54CCBD6-7DC2-4B47-9F3B-126C3CC9F395}.Debug|Any CPU.Build.0 = Debug|Any CPU
		{F54CCBD6-7DC2-4B47-9F3B-126C3CC9F395}.Release|Any CPU.ActiveCfg = Release|Any CPU
		{F54CCBD6-7DC2-4B47-9F3B-126C3CC9F395}.Release|Any CPU.Build.0 = Release|Any CPU
	EndGlobalSection
	GlobalSection(SolutionProperties) = preSolution
		HideSolutionNode = FALSE
	EndGlobalSection
	GlobalSection(ExtensibilityGlobals) = postSolution
		SolutionGuid = {E5F48159-F7CC-47C0-8325-7E457173D016}
	EndGlobalSection
EndGlobal
